
Microsoft Visual Studio Solution File, Format Version 12.00
# Visual Studio Version 16
VisualStudioVersion = 16.0.29519.87
MinimumVisualStudioVersion = 10.0.40219.1
Project("{FAE04EC0-301F-11D3-BF4B-00C04F79EFBC}") = "BrainfuckInterpreter", "BrainfuckInterpreter\BrainfuckInterpreter.csproj", "{9BE9D0DE-EE02-4B05-8EC0-C63824B38CBF}"
EndProject
Global
	GlobalSection(SolutionConfigurationPlatforms) = preSolution
		Debug|Any CPU = Debug|Any CPU
		Release|Any CPU = Release|Any CPU
	EndGlobalSection
	GlobalSection(ProjectConfigurationPlatforms) = postSolution
		{9BE9D0DE-EE02-4B05-8EC0-C63824B38CBF}.Debug|Any CPU.ActiveCfg = Debug|Any CPU
		{9BE9D0DE-EE02-4B05-8EC0-C63824B38CBF}.Debug|Any CPU.Build.0 = Debug|Any CPU
		{9BE9D0DE-EE02-4B05-8EC0-C63824B38CBF}.Release|Any CPU.ActiveCfg = Release|Any CPU
		{9BE9D0DE-EE02-4B05-8EC0-C63824B38CBF}.Release|Any CPU.Build.0 = Release|Any CPU
	EndGlobalSection
	GlobalSection(SolutionProperties) = preSolution
		HideSolutionNode = FALSE
	EndGlobalSection
	GlobalSection(ExtensibilityGlobals) = postSolution
		SolutionGuid = {37C06650-61A7-4A05-8050-5667D4C64ED5}
	EndGlobalSection
EndGlobal
